
Microsoft Visual Studio Solution File, Format Version 12.00
# Visual Studio Version 16
VisualStudioVersion = 16.0.31624.102
MinimumVisualStudioVersion = 10.0.40219.1
Project("{9A19103F-16F7-4668-BE54-9A1E7A4F7556}") = "P1", "P1.csproj", "{810FCF63-CF3F-4B2A-B3D2-EFD38B604467}"
EndProject
Project("{9A19103F-16F7-4668-BE54-9A1E7A4F7556}") = "P1.Data", "..\P1.Data\P1.Data.csproj", "{EBA77B4A-A49B-4AC8-8992-D54D931D0F8E}"
EndProject
Project("{FAE04EC0-301F-11D3-BF4B-00C04F79EFBC}") = "P1.Domain", "..\P1.Domain\P1.Domain.csproj", "{E910644F-82AF-43EE-B993-B16F238FA330}"
EndProject
Global
	GlobalSection(SolutionConfigurationPlatforms) = preSolution
		Debug|Any CPU = Debug|Any CPU
		Release|Any CPU = Release|Any CPU
	EndGlobalSection
	GlobalSection(ProjectConfigurationPlatforms) = postSolution
		{810FCF63-CF3F-4B2A-B3D2-EFD38B604467}.Debug|Any CPU.ActiveCfg = Debug|Any CPU
		{810FCF63-CF3F-4B2A-B3D2-EFD38B604467}.Debug|Any CPU.Build.0 = Debug|Any CPU
		{810FCF63-CF3F-4B2A-B3D2-EFD38B604467}.Release|Any CPU.ActiveCfg = Release|Any CPU
		{810FCF63-CF3F-4B2A-B3D2-EFD38B604467}.Release|Any CPU.Build.0 = Release|Any CPU
		{EBA77B4A-A49B-4AC8-8992-D54D931D0F8E}.Debug|Any CPU.ActiveCfg = Debug|Any CPU
		{EBA77B4A-A49B-4AC8-8992-D54D931D0F8E}.Debug|Any CPU.Build.0 = Debug|Any CPU
		{EBA77B4A-A49B-4AC8-8992-D54D931D0F8E}.Release|Any CPU.ActiveCfg = Release|Any CPU
		{EBA77B4A-A49B-4AC8-8992-D54D931D0F8E}.Release|Any CPU.Build.0 = Release|Any CPU
		{E910644F-82AF-43EE-B993-B16F238FA330}.Debug|Any CPU.ActiveCfg = Debug|Any CPU
		{E910644F-82AF-43EE-B993-B16F238FA330}.Debug|Any CPU.Build.0 = Debug|Any CPU
		{E910644F-82AF-43EE-B993-B16F238FA330}.Release|Any CPU.ActiveCfg = Release|Any CPU
		{E910644F-82AF-43EE-B993-B16F238FA330}.Release|Any CPU.Build.0 = Release|Any CPU
	EndGlobalSection
	GlobalSection(SolutionProperties) = preSolution
		HideSolutionNode = FALSE
	EndGlobalSection
	GlobalSection(ExtensibilityGlobals) = postSolution
		SolutionGuid = {2AA7EB7C-3C0D-4B2D-AED0-76326C00524B}
	EndGlobalSection
EndGlobal
